
Microsoft Visual Studio Solution File, Format Version 12.00
# Visual Studio Version 17
VisualStudioVersion = 17.5.002.0
MinimumVisualStudioVersion = 10.0.40219.1
Project("{9A19103F-16F7-4668-BE54-9A1E7A4F7556}") = "StringManipulator", "StringManipulator\StringManipulator.csproj", "{9A03EC87-1CD8-42B7-852C-263A462795B4}"
EndProject
Global
	GlobalSection(SolutionConfigurationPlatforms) = preSolution
		Debug|Any CPU = Debug|Any CPU
		Release|Any CPU = Release|Any CPU
	EndGlobalSection
	GlobalSection(ProjectConfigurationPlatforms) = postSolution
		{9A03EC87-1CD8-42B7-852C-263A462795B4}.Debug|Any CPU.ActiveCfg = Debug|Any CPU
		{9A03EC87-1CD8-42B7-852C-263A462795B4}.Debug|Any CPU.Build.0 = Debug|Any CPU
		{9A03EC87-1CD8-42B7-852C-263A462795B4}.Release|Any CPU.ActiveCfg = Release|Any CPU
		{9A03EC87-1CD8-42B7-852C-263A462795B4}.Release|Any CPU.Build.0 = Release|Any CPU
	EndGlobalSection
	GlobalSection(SolutionProperties) = preSolution
		HideSolutionNode = FALSE
	EndGlobalSection
	GlobalSection(ExtensibilityGlobals) = postSolution
		SolutionGuid = {1405D834-B9CE-40F7-92C3-10128B8D6002}
	EndGlobalSection
EndGlobal
